
Microsoft Visual Studio Solution File, Format Version 12.00
# Visual Studio Version 16
VisualStudioVersion = 16.0.29215.179
MinimumVisualStudioVersion = 10.0.40219.1
Project("{9A19103F-16F7-4668-BE54-9A1E7A4F7556}") = "HelloWorldProject", "HelloWorldProject\HelloWorldProject.csproj", "{03421FF1-CB88-4DA5-9AFB-FE773D88917A}"
EndProject
Project("{FAE04EC0-301F-11D3-BF4B-00C04F79EFBC}") = "Contact", "Contact\Contact.csproj", "{B05ACEA7-E352-45ED-9781-3B8573A6E071}"
EndProject
Global
	GlobalSection(SolutionConfigurationPlatforms) = preSolution
		Debug|Any CPU = Debug|Any CPU
		Release|Any CPU = Release|Any CPU
	EndGlobalSection
	GlobalSection(ProjectConfigurationPlatforms) = postSolution
		{03421FF1-CB88-4DA5-9AFB-FE773D88917A}.Debug|Any CPU.ActiveCfg = Debug|Any CPU
		{03421FF1-CB88-4DA5-9AFB-FE773D88917A}.Debug|Any CPU.Build.0 = Debug|Any CPU
		{03421FF1-CB88-4DA5-9AFB-FE773D88917A}.Release|Any CPU.ActiveCfg = Release|Any CPU
		{03421FF1-CB88-4DA5-9AFB-FE773D88917A}.Release|Any CPU.Build.0 = Release|Any CPU
		{B05ACEA7-E352-45ED-9781-3B8573A6E071}.Debug|Any CPU.ActiveCfg = Debug|Any CPU
		{B05ACEA7-E352-45ED-9781-3B8573A6E071}.Debug|Any CPU.Build.0 = Debug|Any CPU
		{B05ACEA7-E352-45ED-9781-3B8573A6E071}.Release|Any CPU.ActiveCfg = Release|Any CPU
		{B05ACEA7-E352-45ED-9781-3B8573A6E071}.Release|Any CPU.Build.0 = Release|Any CPU
	EndGlobalSection
	GlobalSection(SolutionProperties) = preSolution
		HideSolutionNode = FALSE
	EndGlobalSection
	GlobalSection(ExtensibilityGlobals) = postSolution
		SolutionGuid = {DB263FC4-8BE9-43A9-8971-B86E731A229D}
	EndGlobalSection
EndGlobal
